
Microsoft Visual Studio Solution File, Format Version 12.00
# Visual Studio Version 17
VisualStudioVersion = 17.0.32014.148
MinimumVisualStudioVersion = 10.0.40219.1
Project("{9A19103F-16F7-4668-BE54-9A1E7A4F7556}") = "BlazorApp.Host", "Source\BlazorApp.Host\BlazorApp.Host.csproj", "{BFBAF363-4AE5-40EC-8C9E-7256FCF6860E}"
EndProject
Project("{9A19103F-16F7-4668-BE54-9A1E7A4F7556}") = "BlazorApp.Shared", "Source\BlazorApp.Shared\BlazorApp.Shared.csproj", "{83C1BB81-49BA-452C-9348-CC3ED1D4736E}"
EndProject
Project("{9A19103F-16F7-4668-BE54-9A1E7A4F7556}") = "BlazorApp.Client", "Source\BlazorApp.Client\BlazorApp.Client.csproj", "{82208F9E-E7AC-45EB-99FD-F70C89159127}"
EndProject
Project("{9A19103F-16F7-4668-BE54-9A1E7A4F7556}") = "BlazorApp.Application", "Source\BlazorApp.Application\BlazorApp.Application.csproj", "{9E002BCE-7C37-452F-9F6B-F2A0EADF5636}"
EndProject
Project("{9A19103F-16F7-4668-BE54-9A1E7A4F7556}") = "BlazorApp.Domain", "Source\BlazorApp.Domain\BlazorApp.Domain.csproj", "{E2FB47D7-AC92-4A20-870C-F2594312D5CF}"
EndProject
Project("{9A19103F-16F7-4668-BE54-9A1E7A4F7556}") = "BlazorApp.CommonInfrastructure", "Source\BlazorApp.CommonInfrastructure\BlazorApp.CommonInfrastructure.csproj", "{BFBF5ACE-AFF7-4A23-AA3B-272F582BC1BD}"
EndProject
Project("{2150E333-8FDC-42A3-9474-1A3956D46DE8}") = "Infrastructure", "Infrastructure", "{AE6EC249-37AE-49A0-A087-D44C9419F160}"
EndProject
Project("{2150E333-8FDC-42A3-9474-1A3956D46DE8}") = "Client", "Client", "{A3102653-3206-4A3B-A37B-C80B4CFA5D1A}"
EndProject
Project("{2150E333-8FDC-42A3-9474-1A3956D46DE8}") = "Core", "Core", "{22A8DBF9-D137-45AF-9B87-BC4D0C2FE51A}"
EndProject
Project("{2150E333-8FDC-42A3-9474-1A3956D46DE8}") = "Shared", "Shared", "{7FC917A8-6CD7-49DB-AE40-0542E7C38787}"
EndProject
Project("{9A19103F-16F7-4668-BE54-9A1E7A4F7556}") = "BlazorApp.IdentityInfrastructure", "Source\BlazorApp.IdentityInfrastructure\BlazorApp.IdentityInfrastructure.csproj", "{733C73F3-AF87-4675-B4DA-52494C1E80DC}"
EndProject
Project("{9A19103F-16F7-4668-BE54-9A1E7A4F7556}") = "BlazorApp.ApiInfrastructure", "Source\BlazorApp.ApiInfrastructure\BlazorApp.ApiInfrastructure.csproj", "{8F3DD288-937E-4417-8BB8-B4F76F0952D9}"
EndProject
Project("{9A19103F-16F7-4668-BE54-9A1E7A4F7556}") = "BlazorApp.DbMigrator", "Source\BlazorApp.DbMigrator\BlazorApp.DbMigrator.csproj", "{89D7111F-0514-4624-B577-1C601F8DC4FB}"
EndProject
Project("{2150E333-8FDC-42A3-9474-1A3956D46DE8}") = "SolutionItems", "SolutionItems", "{660842BD-6083-4545-8AE9-0204F9BF227D}"
	ProjectSection(SolutionItems) = preProject
		Dockerfile = Dockerfile
	EndProjectSection
EndProject
Project("{FAE04EC0-301F-11D3-BF4B-00C04F79EFBC}") = "BlazorApp.PersistenceInfrastructure", "Source\BlazorApp.PersistenceInfrastructure\BlazorApp.PersistenceInfrastructure.csproj", "{5FD0D27F-0C5D-4586-AFD8-F43497A9D8D6}"
EndProject
Global
	GlobalSection(SolutionConfigurationPlatforms) = preSolution
		Debug|Any CPU = Debug|Any CPU
		Release|Any CPU = Release|Any CPU
	EndGlobalSection
	GlobalSection(ProjectConfigurationPlatforms) = postSolution
		{BFBAF363-4AE5-40EC-8C9E-7256FCF6860E}.Debug|Any CPU.ActiveCfg = Debug|Any CPU
		{BFBAF363-4AE5-40EC-8C9E-7256FCF6860E}.Debug|Any CPU.Build.0 = Debug|Any CPU
		{BFBAF363-4AE5-40EC-8C9E-7256FCF6860E}.Release|Any CPU.ActiveCfg = Release|Any CPU
		{BFBAF363-4AE5-40EC-8C9E-7256FCF6860E}.Release|Any CPU.Build.0 = Release|Any CPU
		{83C1BB81-49BA-452C-9348-CC3ED1D4736E}.Debug|Any CPU.ActiveCfg = Debug|Any CPU
		{83C1BB81-49BA-452C-9348-CC3ED1D4736E}.Debug|Any CPU.Build.0 = Debug|Any CPU
		{83C1BB81-49BA-452C-9348-CC3ED1D4736E}.Release|Any CPU.ActiveCfg = Release|Any CPU
		{83C1BB81-49BA-452C-9348-CC3ED1D4736E}.Release|Any CPU.Build.0 = Release|Any CPU
		{82208F9E-E7AC-45EB-99FD-F70C89159127}.Debug|Any CPU.ActiveCfg = Debug|Any CPU
		{82208F9E-E7AC-45EB-99FD-F70C89159127}.Debug|Any CPU.Build.0 = Debug|Any CPU
		{82208F9E-E7AC-45EB-99FD-F70C89159127}.Release|Any CPU.ActiveCfg = Release|Any CPU
		{82208F9E-E7AC-45EB-99FD-F70C89159127}.Release|Any CPU.Build.0 = Release|Any CPU
		{9E002BCE-7C37-452F-9F6B-F2A0EADF5636}.Debug|Any CPU.ActiveCfg = Debug|Any CPU
		{9E002BCE-7C37-452F-9F6B-F2A0EADF5636}.Debug|Any CPU.Build.0 = Debug|Any CPU
		{9E002BCE-7C37-452F-9F6B-F2A0EADF5636}.Release|Any CPU.ActiveCfg = Release|Any CPU
		{9E002BCE-7C37-452F-9F6B-F2A0EADF5636}.Release|Any CPU.Build.0 = Release|Any CPU
		{E2FB47D7-AC92-4A20-870C-F2594312D5CF}.Debug|Any CPU.ActiveCfg = Debug|Any CPU
		{E2FB47D7-AC92-4A20-870C-F2594312D5CF}.Debug|Any CPU.Build.0 = Debug|Any CPU
		{E2FB47D7-AC92-4A20-870C-F2594312D5CF}.Release|Any CPU.ActiveCfg = Release|Any CPU
		{E2FB47D7-AC92-4A20-870C-F2594312D5CF}.Release|Any CPU.Build.0 = Release|Any CPU
		{BFBF5ACE-AFF7-4A23-AA3B-272F582BC1BD}.Debug|Any CPU.ActiveCfg = Debug|Any CPU
		{BFBF5ACE-AFF7-4A23-AA3B-272F582BC1BD}.Debug|Any CPU.Build.0 = Debug|Any CPU
		{BFBF5ACE-AFF7-4A23-AA3B-272F582BC1BD}.Release|Any CPU.ActiveCfg = Release|Any CPU
		{BFBF5ACE-AFF7-4A23-AA3B-272F582BC1BD}.Release|Any CPU.Build.0 = Release|Any CPU
		{733C73F3-AF87-4675-B4DA-52494C1E80DC}.Debug|Any CPU.ActiveCfg = Debug|Any CPU
		{733C73F3-AF87-4675-B4DA-52494C1E80DC}.Debug|Any CPU.Build.0 = Debug|Any CPU
		{733C73F3-AF87-4675-B4DA-52494C1E80DC}.Release|Any CPU.ActiveCfg = Release|Any CPU
		{733C73F3-AF87-4675-B4DA-52494C1E80DC}.Release|Any CPU.Build.0 = Release|Any CPU
		{8F3DD288-937E-4417-8BB8-B4F76F0952D9}.Debug|Any CPU.ActiveCfg = Debug|Any CPU
		{8F3DD288-937E-4417-8BB8-B4F76F0952D9}.Debug|Any CPU.Build.0 = Debug|Any CPU
		{8F3DD288-937E-4417-8BB8-B4F76F0952D9}.Release|Any CPU.ActiveCfg = Release|Any CPU
		{8F3DD288-937E-4417-8BB8-B4F76F0952D9}.Release|Any CPU.Build.0 = Release|Any CPU
		{89D7111F-0514-4624-B577-1C601F8DC4FB}.Debug|Any CPU.ActiveCfg = Debug|Any CPU
		{89D7111F-0514-4624-B577-1C601F8DC4FB}.Debug|Any CPU.Build.0 = Debug|Any CPU
		{89D7111F-0514-4624-B577-1C601F8DC4FB}.Release|Any CPU.ActiveCfg = Release|Any CPU
		{89D7111F-0514-4624-B577-1C601F8DC4FB}.Release|Any CPU.Build.0 = Release|Any CPU
		{5FD0D27F-0C5D-4586-AFD8-F43497A9D8D6}.Debug|Any CPU.ActiveCfg = Debug|Any CPU
		{5FD0D27F-0C5D-4586-AFD8-F43497A9D8D6}.Debug|Any CPU.Build.0 = Debug|Any CPU
		{5FD0D27F-0C5D-4586-AFD8-F43497A9D8D6}.Release|Any CPU.ActiveCfg = Release|Any CPU
		{5FD0D27F-0C5D-4586-AFD8-F43497A9D8D6}.Release|Any CPU.Build.0 = Release|Any CPU
	EndGlobalSection
	GlobalSection(SolutionProperties) = preSolution
		HideSolutionNode = FALSE
	EndGlobalSection
	GlobalSection(NestedProjects) = preSolution
		{83C1BB81-49BA-452C-9348-CC3ED1D4736E} = {7FC917A8-6CD7-49DB-AE40-0542E7C38787}
		{82208F9E-E7AC-45EB-99FD-F70C89159127} = {A3102653-3206-4A3B-A37B-C80B4CFA5D1A}
		{9E002BCE-7C37-452F-9F6B-F2A0EADF5636} = {22A8DBF9-D137-45AF-9B87-BC4D0C2FE51A}
		{E2FB47D7-AC92-4A20-870C-F2594312D5CF} = {22A8DBF9-D137-45AF-9B87-BC4D0C2FE51A}
		{BFBF5ACE-AFF7-4A23-AA3B-272F582BC1BD} = {AE6EC249-37AE-49A0-A087-D44C9419F160}
		{733C73F3-AF87-4675-B4DA-52494C1E80DC} = {AE6EC249-37AE-49A0-A087-D44C9419F160}
		{8F3DD288-937E-4417-8BB8-B4F76F0952D9} = {AE6EC249-37AE-49A0-A087-D44C9419F160}
		{5FD0D27F-0C5D-4586-AFD8-F43497A9D8D6} = {AE6EC249-37AE-49A0-A087-D44C9419F160}
	EndGlobalSection
	GlobalSection(ExtensibilityGlobals) = postSolution
		SolutionGuid = {C147B873-B4DB-4A42-AA21-3541496E6D96}
	EndGlobalSection
EndGlobal
